Microsoft Visual Studio Solution File, Format Version 12.00
# Visual Studio 16
Project("{2150E333-8FDC-42A3-9474-1A3956D46DE8}") = "CMakePredefinedTargets", "CMakePredefinedTargets", "{27C438C4-583B-35B9-835F-DC29D9D725D3}"
EndProject
Project("{2150E333-8FDC-42A3-9474-1A3956D46DE8}") = "GLFW3", "GLFW3", "{EBAF2621-500B-3341-B66F-64F384653F3B}"
EndProject
Project("{2150E333-8FDC-42A3-9474-1A3956D46DE8}") = "Examples", "GLFW3\Examples", "{DF74481C-9974-36D1-850E-9B49B7070003}"
EndProject
Project("{2150E333-8FDC-42A3-9474-1A3956D46DE8}") = "Tests", "GLFW3\Tests", "{A6F19F52-075D-3765-AE19-1CE3E214E2C5}"
EndProject
Project("{8BC9CEB8-8B4A-11D0-8D11-00A0C91BC942}") = "ALL_BUILD", "ALL_BUILD.vcxproj", "{CB3F274F-CF34-38FC-97FD-BC47686F9116}"
	ProjectSection(ProjectDependencies) = postProject
		{117E6B26-7A75-3B25-842C-547BDEA53326} = {117E6B26-7A75-3B25-842C-547BDEA53326}
		{582801C3-0290-3A53-AD5C-7EE638F69CFE} = {582801C3-0290-3A53-AD5C-7EE638F69CFE}
		{36A16923-5AC0-3CD8-9441-96280EBA730D} = {36A16923-5AC0-3CD8-9441-96280EBA730D}
		{82BEF8D6-BF50-3233-A989-1333A9EC61CD} = {82BEF8D6-BF50-3233-A989-1333A9EC61CD}
		{9BBC61AE-9260-3D2F-B686-6214D0422707} = {9BBC61AE-9260-3D2F-B686-6214D0422707}
		{3152CA66-8043-31E2-8302-7D6A19DDE0FB} = {3152CA66-8043-31E2-8302-7D6A19DDE0FB}
		{1DA86A5A-A670-38E4-A94D-7C8FA576EAA6} = {1DA86A5A-A670-38E4-A94D-7C8FA576EAA6}
		{FCBA77B9-A796-39A6-8F30-E6EAA26E1956} = {FCBA77B9-A796-39A6-8F30-E6EAA26E1956}
		{56F13AEC-C44E-315A-9EC0-9DAC7C931BF8} = {56F13AEC-C44E-315A-9EC0-9DAC7C931BF8}
		{0CB66CCA-30B4-35CB-A7FA-8802932CF92E} = {0CB66CCA-30B4-35CB-A7FA-8802932CF92E}
		{72CC861D-DDB9-32CD-8494-5D261F711170} = {72CC861D-DDB9-32CD-8494-5D261F711170}
		{1E091A7D-4FEB-3041-9177-99623E546A9A} = {1E091A7D-4FEB-3041-9177-99623E546A9A}
		{37E4B267-466C-324C-A8C1-7B4C73740DA8} = {37E4B267-466C-324C-A8C1-7B4C73740DA8}
		{0687AD20-94B2-3AED-A3B0-5EA2181F7D09} = {0687AD20-94B2-3AED-A3B0-5EA2181F7D09}
		{9E142C8C-7567-3425-B84A-6C2B2E3CB5B9} = {9E142C8C-7567-3425-B84A-6C2B2E3CB5B9}
		{A772C38B-DFFA-3284-A773-048DF5A0B5F8} = {A772C38B-DFFA-3284-A773-048DF5A0B5F8}
		{D733138D-7E21-3F6E-B926-FB790A7DC8E7} = {D733138D-7E21-3F6E-B926-FB790A7DC8E7}
		{ACB1C257-D694-375A-9082-FCE691426FA0} = {ACB1C257-D694-375A-9082-FCE691426FA0}
		{D52AFE3E-5B95-3489-94AD-18A94BB4B995} = {D52AFE3E-5B95-3489-94AD-18A94BB4B995}
		{1C4DA2CE-B9FE-3DB6-8E24-FC59FC824D89} = {1C4DA2CE-B9FE-3DB6-8E24-FC59FC824D89}
		{2A45BCBD-EDB0-38D3-B679-1576E4F70D4C} = {2A45BCBD-EDB0-38D3-B679-1576E4F70D4C}
		{50C0E8E5-55CE-32C1-8303-AD68483DAA4C} = {50C0E8E5-55CE-32C1-8303-AD68483DAA4C}
		{08EABC63-6634-38FB-864E-8CBFFA91FD9D} = {08EABC63-6634-38FB-864E-8CBFFA91FD9D}
		{10F47B80-1358-3C18-8AE9-1233577E75D6} = {10F47B80-1358-3C18-8AE9-1233577E75D6}
		{8BD73C39-5665-396D-B449-918775EC1737} = {8BD73C39-5665-396D-B449-918775EC1737}
		{1960A6FB-7BFF-3518-998F-BEBF90362121} = {1960A6FB-7BFF-3518-998F-BEBF90362121}
		{C56B92A6-4889-3CF4-87BF-A3C75DFBD7FC} = {C56B92A6-4889-3CF4-87BF-A3C75DFBD7FC}
		{1EC6E490-90E9-3B36-92EC-F5BA20DEE06D} = {1EC6E490-90E9-3B36-92EC-F5BA20DEE06D}
		{21446582-C89C-3527-9407-33DCB33922FF} = {21446582-C89C-3527-9407-33DCB33922FF}
		{2E43F479-4728-3732-B531-A961307DABF8} = {2E43F479-4728-3732-B531-A961307DABF8}
		{919D16CE-0A3D-33A2-B140-D8BDCE41E0E3} = {919D16CE-0A3D-33A2-B140-D8BDCE41E0E3}
	EndProjectSection
EndProject
Project("{8BC9CEB8-8B4A-11D0-8D11-00A0C91BC942}") = "INSTALL", "INSTALL.vcxproj", "{3DDB6889-8B18-3CAD-8E42-D23EA937C613}"
	ProjectSection(ProjectDependencies) = postProject
		{CB3F274F-CF34-38FC-97FD-BC47686F9116} = {CB3F274F-CF34-38FC-97FD-BC47686F9116}
		{117E6B26-7A75-3B25-842C-547BDEA53326} = {117E6B26-7A75-3B25-842C-547BDEA53326}
	EndProjectSection
EndProject
Project("{8BC9CEB8-8B4A-11D0-8D11-00A0C91BC942}") = "ZERO_CHECK", "ZERO_CHECK.vcxproj", "{117E6B26-7A75-3B25-842C-547BDEA53326}"
	ProjectSection(ProjectDependencies) = postProject
	EndProjectSection
EndProject
Project("{8BC9CEB8-8B4A-11D0-8D11-00A0C91BC942}") = "boing", "examples\boing.vcxproj", "{582801C3-0290-3A53-AD5C-7EE638F69CFE}"
	ProjectSection(ProjectDependencies) = postProject
		{117E6B26-7A75-3B25-842C-547BDEA53326} = {117E6B26-7A75-3B25-842C-547BDEA53326}
		{56F13AEC-C44E-315A-9EC0-9DAC7C931BF8} = {56F13AEC-C44E-315A-9EC0-9DAC7C931BF8}
	EndProjectSection
EndProject
Project("{8BC9CEB8-8B4A-11D0-8D11-00A0C91BC942}") = "clipboard", "tests\clipboard.vcxproj", "{36A16923-5AC0-3CD8-9441-96280EBA730D}"
	ProjectSection(ProjectDependencies) = postProject
		{117E6B26-7A75-3B25-842C-547BDEA53326} = {117E6B26-7A75-3B25-842C-547BDEA53326}
		{56F13AEC-C44E-315A-9EC0-9DAC7C931BF8} = {56F13AEC-C44E-315A-9EC0-9DAC7C931BF8}
	EndProjectSection
EndProject
Project("{8BC9CEB8-8B4A-11D0-8D11-00A0C91BC942}") = "cursor", "tests\cursor.vcxproj", "{82BEF8D6-BF50-3233-A989-1333A9EC61CD}"
	ProjectSection(ProjectDependencies) = postProject
		{117E6B26-7A75-3B25-842C-547BDEA53326} = {117E6B26-7A75-3B25-842C-547BDEA53326}
		{56F13AEC-C44E-315A-9EC0-9DAC7C931BF8} = {56F13AEC-C44E-315A-9EC0-9DAC7C931BF8}
	EndProjectSection
EndProject
Project("{8BC9CEB8-8B4A-11D0-8D11-00A0C91BC942}") = "empty", "tests\empty.vcxproj", "{9BBC61AE-9260-3D2F-B686-6214D0422707}"
	ProjectSection(ProjectDependencies) = postProject
		{117E6B26-7A75-3B25-842C-547BDEA53326} = {117E6B26-7A75-3B25-842C-547BDEA53326}
		{56F13AEC-C44E-315A-9EC0-9DAC7C931BF8} = {56F13AEC-C44E-315A-9EC0-9DAC7C931BF8}
	EndProjectSection
EndProject
Project("{8BC9CEB8-8B4A-11D0-8D11-00A0C91BC942}") = "events", "tests\events.vcxproj", "{3152CA66-8043-31E2-8302-7D6A19DDE0FB}"
	ProjectSection(ProjectDependencies) = postProject
		{117E6B26-7A75-3B25-842C-547BDEA53326} = {117E6B26-7A75-3B25-842C-547BDEA53326}
		{56F13AEC-C44E-315A-9EC0-9DAC7C931BF8} = {56F13AEC-C44E-315A-9EC0-9DAC7C931BF8}
	EndProjectSection
EndProject
Project("{8BC9CEB8-8B4A-11D0-8D11-00A0C91BC942}") = "gamma", "tests\gamma.vcxproj", "{1DA86A5A-A670-38E4-A94D-7C8FA576EAA6}"
	ProjectSection(ProjectDependencies) = postProject
		{117E6B26-7A75-3B25-842C-547BDEA53326} = {117E6B26-7A75-3B25-842C-547BDEA53326}
		{56F13AEC-C44E-315A-9EC0-9DAC7C931BF8} = {56F13AEC-C44E-315A-9EC0-9DAC7C931BF8}
	EndProjectSection
EndProject
Project("{8BC9CEB8-8B4A-11D0-8D11-00A0C91BC942}") = "gears", "examples\gears.vcxproj", "{FCBA77B9-A796-39A6-8F30-E6EAA26E1956}"
	ProjectSection(ProjectDependencies) = postProject
		{117E6B26-7A75-3B25-842C-547BDEA53326} = {117E6B26-7A75-3B25-842C-547BDEA53326}
		{56F13AEC-C44E-315A-9EC0-9DAC7C931BF8} = {56F13AEC-C44E-315A-9EC0-9DAC7C931BF8}
	EndProjectSection
EndProject
Project("{8BC9CEB8-8B4A-11D0-8D11-00A0C91BC942}") = "glfw", "src\glfw.vcxproj", "{56F13AEC-C44E-315A-9EC0-9DAC7C931BF8}"
	ProjectSection(ProjectDependencies) = postProject
		{117E6B26-7A75-3B25-842C-547BDEA53326} = {117E6B26-7A75-3B25-842C-547BDEA53326}
	EndProjectSection
EndProject
Project("{8BC9CEB8-8B4A-11D0-8D11-00A0C91BC942}") = "glfwinfo", "tests\glfwinfo.vcxproj", "{0CB66CCA-30B4-35CB-A7FA-8802932CF92E}"
	ProjectSection(ProjectDependencies) = postProject
		{117E6B26-7A75-3B25-842C-547BDEA53326} = {117E6B26-7A75-3B25-842C-547BDEA53326}
		{56F13AEC-C44E-315A-9EC0-9DAC7C931BF8} = {56F13AEC-C44E-315A-9EC0-9DAC7C931BF8}
	EndProjectSection
EndProject
Project("{8BC9CEB8-8B4A-11D0-8D11-00A0C91BC942}") = "heightmap", "examples\heightmap.vcxproj", "{72CC861D-DDB9-32CD-8494-5D261F711170}"
	ProjectSection(ProjectDependencies) = postProject
		{117E6B26-7A75-3B25-842C-547BDEA53326} = {117E6B26-7A75-3B25-842C-547BDEA53326}
		{56F13AEC-C44E-315A-9EC0-9DAC7C931BF8} = {56F13AEC-C44E-315A-9EC0-9DAC7C931BF8}
	EndProjectSection
EndProject
Project("{8BC9CEB8-8B4A-11D0-8D11-00A0C91BC942}") = "icon", "tests\icon.vcxproj", "{1E091A7D-4FEB-3041-9177-99623E546A9A}"
	ProjectSection(ProjectDependencies) = postProject
		{117E6B26-7A75-3B25-842C-547BDEA53326} = {117E6B26-7A75-3B25-842C-547BDEA53326}
		{56F13AEC-C44E-315A-9EC0-9DAC7C931BF8} = {56F13AEC-C44E-315A-9EC0-9DAC7C931BF8}
	EndProjectSection
EndProject
Project("{8BC9CEB8-8B4A-11D0-8D11-00A0C91BC942}") = "iconify", "tests\iconify.vcxproj", "{37E4B267-466C-324C-A8C1-7B4C73740DA8}"
	ProjectSection(ProjectDependencies) = postProject
		{117E6B26-7A75-3B25-842C-547BDEA53326} = {117E6B26-7A75-3B25-842C-547BDEA53326}
		{56F13AEC-C44E-315A-9EC0-9DAC7C931BF8} = {56F13AEC-C44E-315A-9EC0-9DAC7C931BF8}
	EndProjectSection
EndProject
Project("{8BC9CEB8-8B4A-11D0-8D11-00A0C91BC942}") = "inputlag", "tests\inputlag.vcxproj", "{0687AD20-94B2-3AED-A3B0-5EA2181F7D09}"
	ProjectSection(ProjectDependencies) = postProject
		{117E6B26-7A75-3B25-842C-547BDEA53326} = {117E6B26-7A75-3B25-842C-547BDEA53326}
		{56F13AEC-C44E-315A-9EC0-9DAC7C931BF8} = {56F13AEC-C44E-315A-9EC0-9DAC7C931BF8}
	EndProjectSection
EndProject
Project("{8BC9CEB8-8B4A-11D0-8D11-00A0C91BC942}") = "joysticks", "tests\joysticks.vcxproj", "{9E142C8C-7567-3425-B84A-6C2B2E3CB5B9}"
	ProjectSection(ProjectDependencies) = postProject
		{117E6B26-7A75-3B25-842C-547BDEA53326} = {117E6B26-7A75-3B25-842C-547BDEA53326}
		{56F13AEC-C44E-315A-9EC0-9DAC7C931BF8} = {56F13AEC-C44E-315A-9EC0-9DAC7C931BF8}
	EndProjectSection
EndProject
Project("{8BC9CEB8-8B4A-11D0-8D11-00A0C91BC942}") = "monitors", "tests\monitors.vcxproj", "{A772C38B-DFFA-3284-A773-048DF5A0B5F8}"
	ProjectSection(ProjectDependencies) = postProject
		{117E6B26-7A75-3B25-842C-547BDEA53326} = {117E6B26-7A75-3B25-842C-547BDEA53326}
		{56F13AEC-C44E-315A-9EC0-9DAC7C931BF8} = {56F13AEC-C44E-315A-9EC0-9DAC7C931BF8}
	EndProjectSection
EndProject
Project("{8BC9CEB8-8B4A-11D0-8D11-00A0C91BC942}") = "msaa", "tests\msaa.vcxproj", "{D733138D-7E21-3F6E-B926-FB790A7DC8E7}"
	ProjectSection(ProjectDependencies) = postProject
		{117E6B26-7A75-3B25-842C-547BDEA53326} = {117E6B26-7A75-3B25-842C-547BDEA53326}
		{56F13AEC-C44E-315A-9EC0-9DAC7C931BF8} = {56F13AEC-C44E-315A-9EC0-9DAC7C931BF8}
	EndProjectSection
EndProject
Project("{8BC9CEB8-8B4A-11D0-8D11-00A0C91BC942}") = "offscreen", "examples\offscreen.vcxproj", "{ACB1C257-D694-375A-9082-FCE691426FA0}"
	ProjectSection(ProjectDependencies) = postProject
		{117E6B26-7A75-3B25-842C-547BDEA53326} = {117E6B26-7A75-3B25-842C-547BDEA53326}
		{56F13AEC-C44E-315A-9EC0-9DAC7C931BF8} = {56F13AEC-C44E-315A-9EC0-9DAC7C931BF8}
	EndProjectSection
EndProject
Project("{8BC9CEB8-8B4A-11D0-8D11-00A0C91BC942}") = "opacity", "tests\opacity.vcxproj", "{D52AFE3E-5B95-3489-94AD-18A94BB4B995}"
	ProjectSection(ProjectDependencies) = postProject
		{117E6B26-7A75-3B25-842C-547BDEA53326} = {117E6B26-7A75-3B25-842C-547BDEA53326}
		{56F13AEC-C44E-315A-9EC0-9DAC7C931BF8} = {56F13AEC-C44E-315A-9EC0-9DAC7C931BF8}
	EndProjectSection
EndProject
Project("{8BC9CEB8-8B4A-11D0-8D11-00A0C91BC942}") = "particles", "examples\particles.vcxproj", "{1C4DA2CE-B9FE-3DB6-8E24-FC59FC824D89}"
	ProjectSection(ProjectDependencies) = postProject
		{117E6B26-7A75-3B25-842C-547BDEA53326} = {117E6B26-7A75-3B25-842C-547BDEA53326}
		{56F13AEC-C44E-315A-9EC0-9DAC7C931BF8} = {56F13AEC-C44E-315A-9EC0-9DAC7C931BF8}
	EndProjectSection
EndProject
Project("{8BC9CEB8-8B4A-11D0-8D11-00A0C91BC942}") = "reopen", "tests\reopen.vcxproj", "{2A45BCBD-EDB0-38D3-B679-1576E4F70D4C}"
	ProjectSection(ProjectDependencies) = postProject
		{117E6B26-7A75-3B25-842C-547BDEA53326} = {117E6B26-7A75-3B25-842C-547BDEA53326}
		{56F13AEC-C44E-315A-9EC0-9DAC7C931BF8} = {56F13AEC-C44E-315A-9EC0-9DAC7C931BF8}
	EndProjectSection
EndProject
Project("{8BC9CEB8-8B4A-11D0-8D11-00A0C91BC942}") = "sharing", "examples\sharing.vcxproj", "{50C0E8E5-55CE-32C1-8303-AD68483DAA4C}"
	ProjectSection(ProjectDependencies) = postProject
		{117E6B26-7A75-3B25-842C-547BDEA53326} = {117E6B26-7A75-3B25-842C-547BDEA53326}
		{56F13AEC-C44E-315A-9EC0-9DAC7C931BF8} = {56F13AEC-C44E-315A-9EC0-9DAC7C931BF8}
	EndProjectSection
EndProject
Project("{8BC9CEB8-8B4A-11D0-8D11-00A0C91BC942}") = "simple", "examples\simple.vcxproj", "{08EABC63-6634-38FB-864E-8CBFFA91FD9D}"
	ProjectSection(ProjectDependencies) = postProject
		{117E6B26-7A75-3B25-842C-547BDEA53326} = {117E6B26-7A75-3B25-842C-547BDEA53326}
		{56F13AEC-C44E-315A-9EC0-9DAC7C931BF8} = {56F13AEC-C44E-315A-9EC0-9DAC7C931BF8}
	EndProjectSection
EndProject
Project("{8BC9CEB8-8B4A-11D0-8D11-00A0C91BC942}") = "splitview", "examples\splitview.vcxproj", "{10F47B80-1358-3C18-8AE9-1233577E75D6}"
	ProjectSection(ProjectDependencies) = postProject
		{117E6B26-7A75-3B25-842C-547BDEA53326} = {117E6B26-7A75-3B25-842C-547BDEA53326}
		{56F13AEC-C44E-315A-9EC0-9DAC7C931BF8} = {56F13AEC-C44E-315A-9EC0-9DAC7C931BF8}
	EndProjectSection
EndProject
Project("{8BC9CEB8-8B4A-11D0-8D11-00A0C91BC942}") = "tearing", "tests\tearing.vcxproj", "{8BD73C39-5665-396D-B449-918775EC1737}"
	ProjectSection(ProjectDependencies) = postProject
		{117E6B26-7A75-3B25-842C-547BDEA53326} = {117E6B26-7A75-3B25-842C-547BDEA53326}
		{56F13AEC-C44E-315A-9EC0-9DAC7C931BF8} = {56F13AEC-C44E-315A-9EC0-9DAC7C931BF8}
	EndProjectSection
EndProject
Project("{8BC9CEB8-8B4A-11D0-8D11-00A0C91BC942}") = "threads", "tests\threads.vcxproj", "{1960A6FB-7BFF-3518-998F-BEBF90362121}"
	ProjectSection(ProjectDependencies) = postProject
		{117E6B26-7A75-3B25-842C-547BDEA53326} = {117E6B26-7A75-3B25-842C-547BDEA53326}
		{56F13AEC-C44E-315A-9EC0-9DAC7C931BF8} = {56F13AEC-C44E-315A-9EC0-9DAC7C931BF8}
	EndProjectSection
EndProject
Project("{8BC9CEB8-8B4A-11D0-8D11-00A0C91BC942}") = "timeout", "tests\timeout.vcxproj", "{C56B92A6-4889-3CF4-87BF-A3C75DFBD7FC}"
	ProjectSection(ProjectDependencies) = postProject
		{117E6B26-7A75-3B25-842C-547BDEA53326} = {117E6B26-7A75-3B25-842C-547BDEA53326}
		{56F13AEC-C44E-315A-9EC0-9DAC7C931BF8} = {56F13AEC-C44E-315A-9EC0-9DAC7C931BF8}
	EndProjectSection
EndProject
Project("{8BC9CEB8-8B4A-11D0-8D11-00A0C91BC942}") = "title", "tests\title.vcxproj", "{1EC6E490-90E9-3B36-92EC-F5BA20DEE06D}"
	ProjectSection(ProjectDependencies) = postProject
		{117E6B26-7A75-3B25-842C-547BDEA53326} = {117E6B26-7A75-3B25-842C-547BDEA53326}
		{56F13AEC-C44E-315A-9EC0-9DAC7C931BF8} = {56F13AEC-C44E-315A-9EC0-9DAC7C931BF8}
	EndProjectSection
EndProject
Project("{8BC9CEB8-8B4A-11D0-8D11-00A0C91BC942}") = "triangle-vulkan", "tests\triangle-vulkan.vcxproj", "{21446582-C89C-3527-9407-33DCB33922FF}"
	ProjectSection(ProjectDependencies) = postProject
		{117E6B26-7A75-3B25-842C-547BDEA53326} = {117E6B26-7A75-3B25-842C-547BDEA53326}
		{56F13AEC-C44E-315A-9EC0-9DAC7C931BF8} = {56F13AEC-C44E-315A-9EC0-9DAC7C931BF8}
	EndProjectSection
EndProject
Project("{8BC9CEB8-8B4A-11D0-8D11-00A0C91BC942}") = "uninstall", "uninstall.vcxproj", "{85F45CE7-B554-3C7F-B5D2-122B42BC1F55}"
	ProjectSection(ProjectDependencies) = postProject
		{117E6B26-7A75-3B25-842C-547BDEA53326} = {117E6B26-7A75-3B25-842C-547BDEA53326}
	EndProjectSection
EndProject
Project("{8BC9CEB8-8B4A-11D0-8D11-00A0C91BC942}") = "wave", "examples\wave.vcxproj", "{2E43F479-4728-3732-B531-A961307DABF8}"
	ProjectSection(ProjectDependencies) = postProject
		{117E6B26-7A75-3B25-842C-547BDEA53326} = {117E6B26-7A75-3B25-842C-547BDEA53326}
		{56F13AEC-C44E-315A-9EC0-9DAC7C931BF8} = {56F13AEC-C44E-315A-9EC0-9DAC7C931BF8}
	EndProjectSection
EndProject
Project("{8BC9CEB8-8B4A-11D0-8D11-00A0C91BC942}") = "windows", "tests\windows.vcxproj", "{919D16CE-0A3D-33A2-B140-D8BDCE41E0E3}"
	ProjectSection(ProjectDependencies) = postProject
		{117E6B26-7A75-3B25-842C-547BDEA53326} = {117E6B26-7A75-3B25-842C-547BDEA53326}
		{56F13AEC-C44E-315A-9EC0-9DAC7C931BF8} = {56F13AEC-C44E-315A-9EC0-9DAC7C931BF8}
	EndProjectSection
EndProject
Global
	GlobalSection(SolutionConfigurationPlatforms) = preSolution
		Debug|x64 = Debug|x64
		Release|x64 = Release|x64
		MinSizeRel|x64 = MinSizeRel|x64
		RelWithDebInfo|x64 = RelWithDebInfo|x64
	EndGlobalSection
	GlobalSection(ProjectConfigurationPlatforms) = postSolution
		{CB3F274F-CF34-38FC-97FD-BC47686F9116}.Debug|x64.ActiveCfg = Debug|x64
		{CB3F274F-CF34-38FC-97FD-BC47686F9116}.Debug|x64.Build.0 = Debug|x64
		{CB3F274F-CF34-38FC-97FD-BC47686F9116}.Release|x64.ActiveCfg = Release|x64
		{CB3F274F-CF34-38FC-97FD-BC47686F9116}.Release|x64.Build.0 = Release|x64
		{CB3F274F-CF34-38FC-97FD-BC47686F9116}.MinSizeRel|x64.ActiveCfg = MinSizeRel|x64
		{CB3F274F-CF34-38FC-97FD-BC47686F9116}.MinSizeRel|x64.Build.0 = MinSizeRel|x64
		{CB3F274F-CF34-38FC-97FD-BC47686F9116}.RelWithDebInfo|x64.ActiveCfg = RelWithDebInfo|x64
		{CB3F274F-CF34-38FC-97FD-BC47686F9116}.RelWithDebInfo|x64.Build.0 = RelWithDebInfo|x64
		{3DDB6889-8B18-3CAD-8E42-D23EA937C613}.Debug|x64.ActiveCfg = Debug|x64
		{3DDB6889-8B18-3CAD-8E42-D23EA937C613}.Release|x64.ActiveCfg = Release|x64
		{3DDB6889-8B18-3CAD-8E42-D23EA937C613}.MinSizeRel|x64.ActiveCfg = MinSizeRel|x64
		{3DDB6889-8B18-3CAD-8E42-D23EA937C613}.RelWithDebInfo|x64.ActiveCfg = RelWithDebInfo|x64
		{117E6B26-7A75-3B25-842C-547BDEA53326}.Debug|x64.ActiveCfg = Debug|x64
		{117E6B26-7A75-3B25-842C-547BDEA53326}.Debug|x64.Build.0 = Debug|x64
		{117E6B26-7A75-3B25-842C-547BDEA53326}.Release|x64.ActiveCfg = Release|x64
		{117E6B26-7A75-3B25-842C-547BDEA53326}.Release|x64.Build.0 = Release|x64
		{117E6B26-7A75-3B25-842C-547BDEA53326}.MinSizeRel|x64.ActiveCfg = MinSizeRel|x64
		{117E6B26-7A75-3B25-842C-547BDEA53326}.MinSizeRel|x64.Build.0 = MinSizeRel|x64
		{117E6B26-7A75-3B25-842C-547BDEA53326}.RelWithDebInfo|x64.ActiveCfg = RelWithDebInfo|x64
		{117E6B26-7A75-3B25-842C-547BDEA53326}.RelWithDebInfo|x64.Build.0 = RelWithDebInfo|x64
		{582801C3-0290-3A53-AD5C-7EE638F69CFE}.Debug|x64.ActiveCfg = Debug|x64
		{582801C3-0290-3A53-AD5C-7EE638F69CFE}.Debug|x64.Build.0 = Debug|x64
		{582801C3-0290-3A53-AD5C-7EE638F69CFE}.Release|x64.ActiveCfg = Release|x64
		{582801C3-0290-3A53-AD5C-7EE638F69CFE}.Release|x64.Build.0 = Release|x64
		{582801C3-0290-3A53-AD5C-7EE638F69CFE}.MinSizeRel|x64.ActiveCfg = MinSizeRel|x64
		{582801C3-0290-3A53-AD5C-7EE638F69CFE}.MinSizeRel|x64.Build.0 = MinSizeRel|x64
		{582801C3-0290-3A53-AD5C-7EE638F69CFE}.RelWithDebInfo|x64.ActiveCfg = RelWithDebInfo|x64
		{582801C3-0290-3A53-AD5C-7EE638F69CFE}.RelWithDebInfo|x64.Build.0 = RelWithDebInfo|x64
		{36A16923-5AC0-3CD8-9441-96280EBA730D}.Debug|x64.ActiveCfg = Debug|x64
		{36A16923-5AC0-3CD8-9441-96280EBA730D}.Debug|x64.Build.0 = Debug|x64
		{36A16923-5AC0-3CD8-9441-96280EBA730D}.Release|x64.ActiveCfg = Release|x64
		{36A16923-5AC0-3CD8-9441-96280EBA730D}.Release|x64.Build.0 = Release|x64
		{36A16923-5AC0-3CD8-9441-96280EBA730D}.MinSizeRel|x64.ActiveCfg = MinSizeRel|x64
		{36A16923-5AC0-3CD8-9441-96280EBA730D}.MinSizeRel|x64.Build.0 = MinSizeRel|x64
		{36A16923-5AC0-3CD8-9441-96280EBA730D}.RelWithDebInfo|x64.ActiveCfg = RelWithDebInfo|x64
		{36A16923-5AC0-3CD8-9441-96280EBA730D}.RelWithDebInfo|x64.Build.0 = RelWithDebInfo|x64
		{82BEF8D6-BF50-3233-A989-1333A9EC61CD}.Debug|x64.ActiveCfg = Debug|x64
		{82BEF8D6-BF50-3233-A989-1333A9EC61CD}.Debug|x64.Build.0 = Debug|x64
		{82BEF8D6-BF50-3233-A989-1333A9EC61CD}.Release|x64.ActiveCfg = Release|x64
		{82BEF8D6-BF50-3233-A989-1333A9EC61CD}.Release|x64.Build.0 = Release|x64
		{82BEF8D6-BF50-3233-A989-1333A9EC61CD}.MinSizeRel|x64.ActiveCfg = MinSizeRel|x64
		{82BEF8D6-BF50-3233-A989-1333A9EC61CD}.MinSizeRel|x64.Build.0 = MinSizeRel|x64
		{82BEF8D6-BF50-3233-A989-1333A9EC61CD}.RelWithDebInfo|x64.ActiveCfg = RelWithDebInfo|x64
		{82BEF8D6-BF50-3233-A989-1333A9EC61CD}.RelWithDebInfo|x64.Build.0 = RelWithDebInfo|x64
		{9BBC61AE-9260-3D2F-B686-6214D0422707}.Debug|x64.ActiveCfg = Debug|x64
		{9BBC61AE-9260-3D2F-B686-6214D0422707}.Debug|x64.Build.0 = Debug|x64
		{9BBC61AE-9260-3D2F-B686-6214D0422707}.Release|x64.ActiveCfg = Release|x64
		{9BBC61AE-9260-3D2F-B686-6214D0422707}.Release|x64.Build.0 = Release|x64
		{9BBC61AE-9260-3D2F-B686-6214D0422707}.MinSizeRel|x64.ActiveCfg = MinSizeRel|x64
		{9BBC61AE-9260-3D2F-B686-6214D0422707}.MinSizeRel|x64.Build.0 = MinSizeRel|x64
		{9BBC61AE-9260-3D2F-B686-6214D0422707}.RelWithDebInfo|x64.ActiveCfg = RelWithDebInfo|x64
		{9BBC61AE-9260-3D2F-B686-6214D0422707}.RelWithDebInfo|x64.Build.0 = RelWithDebInfo|x64
		{3152CA66-8043-31E2-8302-7D6A19DDE0FB}.Debug|x64.ActiveCfg = Debug|x64
		{3152CA66-8043-31E2-8302-7D6A19DDE0FB}.Debug|x64.Build.0 = Debug|x64
		{3152CA66-8043-31E2-8302-7D6A19DDE0FB}.Release|x64.ActiveCfg = Release|x64
		{3152CA66-8043-31E2-8302-7D6A19DDE0FB}.Release|x64.Build.0 = Release|x64
		{3152CA66-8043-31E2-8302-7D6A19DDE0FB}.MinSizeRel|x64.ActiveCfg = MinSizeRel|x64
		{3152CA66-8043-31E2-8302-7D6A19DDE0FB}.MinSizeRel|x64.Build.0 = MinSizeRel|x64
		{3152CA66-8043-31E2-8302-7D6A19DDE0FB}.RelWithDebInfo|x64.ActiveCfg = RelWithDebInfo|x64
		{3152CA66-8043-31E2-8302-7D6A19DDE0FB}.RelWithDebInfo|x64.Build.0 = RelWithDebInfo|x64
		{1DA86A5A-A670-38E4-A94D-7C8FA576EAA6}.Debug|x64.ActiveCfg = Debug|x64
		{1DA86A5A-A670-38E4-A94D-7C8FA576EAA6}.Debug|x64.Build.0 = Debug|x64
		{1DA86A5A-A670-38E4-A94D-7C8FA576EAA6}.Release|x64.ActiveCfg = Release|x64
		{1DA86A5A-A670-38E4-A94D-7C8FA576EAA6}.Release|x64.Build.0 = Release|x64
		{1DA86A5A-A670-38E4-A94D-7C8FA576EAA6}.MinSizeRel|x64.ActiveCfg = MinSizeRel|x64
		{1DA86A5A-A670-38E4-A94D-7C8FA576EAA6}.MinSizeRel|x64.Build.0 = MinSizeRel|x64
		{1DA86A5A-A670-38E4-A94D-7C8FA576EAA6}.RelWithDebInfo|x64.ActiveCfg = RelWithDebInfo|x64
		{1DA86A5A-A670-38E4-A94D-7C8FA576EAA6}.RelWithDebInfo|x64.Build.0 = RelWithDebInfo|x64
		{FCBA77B9-A796-39A6-8F30-E6EAA26E1956}.Debug|x64.ActiveCfg = Debug|x64
		{FCBA77B9-A796-39A6-8F30-E6EAA26E1956}.Debug|x64.Build.0 = Debug|x64
		{FCBA77B9-A796-39A6-8F30-E6EAA26E1956}.Release|x64.ActiveCfg = Release|x64
		{FCBA77B9-A796-39A6-8F30-E6EAA26E1956}.Release|x64.Build.0 = Release|x64
		{FCBA77B9-A796-39A6-8F30-E6EAA26E1956}.MinSizeRel|x64.ActiveCfg = MinSizeRel|x64
		{FCBA77B9-A796-39A6-8F30-E6EAA26E1956}.MinSizeRel|x64.Build.0 = MinSizeRel|x64
		{FCBA77B9-A796-39A6-8F30-E6EAA26E1956}.RelWithDebInfo|x64.ActiveCfg = RelWithDebInfo|x64
		{FCBA77B9-A796-39A6-8F30-E6EAA26E1956}.RelWithDebInfo|x64.Build.0 = RelWithDebInfo|x64
		{56F13AEC-C44E-315A-9EC0-9DAC7C931BF8}.Debug|x64.ActiveCfg = Debug|x64
		{56F13AEC-C44E-315A-9EC0-9DAC7C931BF8}.Debug|x64.Build.0 = Debug|x64
		{56F13AEC-C44E-315A-9EC0-9DAC7C931BF8}.Release|x64.ActiveCfg = Release|x64
		{56F13AEC-C44E-315A-9EC0-9DAC7C931BF8}.Release|x64.Build.0 = Release|x64
		{56F13AEC-C44E-315A-9EC0-9DAC7C931BF8}.MinSizeRel|x64.ActiveCfg = MinSizeRel|x64
		{56F13AEC-C44E-315A-9EC0-9DAC7C931BF8}.MinSizeRel|x64.Build.0 = MinSizeRel|x64
		{56F13AEC-C44E-315A-9EC0-9DAC7C931BF8}.RelWithDebInfo|x64.ActiveCfg = RelWithDebInfo|x64
		{56F13AEC-C44E-315A-9EC0-9DAC7C931BF8}.RelWithDebInfo|x64.Build.0 = RelWithDebInfo|x64
		{0CB66CCA-30B4-35CB-A7FA-8802932CF92E}.Debug|x64.ActiveCfg = Debug|x64
		{0CB66CCA-30B4-35CB-A7FA-8802932CF92E}.Debug|x64.Build.0 = Debug|x64
		{0CB66CCA-30B4-35CB-A7FA-8802932CF92E}.Release|x64.ActiveCfg = Release|x64
		{0CB66CCA-30B4-35CB-A7FA-8802932CF92E}.Release|x64.Build.0 = Release|x64
		{0CB66CCA-30B4-35CB-A7FA-8802932CF92E}.MinSizeRel|x64.ActiveCfg = MinSizeRel|x64
		{0CB66CCA-30B4-35CB-A7FA-8802932CF92E}.MinSizeRel|x64.Build.0 = MinSizeRel|x64
		{0CB66CCA-30B4-35CB-A7FA-8802932CF92E}.RelWithDebInfo|x64.ActiveCfg = RelWithDebInfo|x64
		{0CB66CCA-30B4-35CB-A7FA-8802932CF92E}.RelWithDebInfo|x64.Build.0 = RelWithDebInfo|x64
		{72CC861D-DDB9-32CD-8494-5D261F711170}.Debug|x64.ActiveCfg = Debug|x64
		{72CC861D-DDB9-32CD-8494-5D261F711170}.Debug|x64.Build.0 = Debug|x64
		{72CC861D-DDB9-32CD-8494-5D261F711170}.Release|x64.ActiveCfg = Release|x64
		{72CC861D-DDB9-32CD-8494-5D261F711170}.Release|x64.Build.0 = Release|x64
		{72CC861D-DDB9-32CD-8494-5D261F711170}.MinSizeRel|x64.ActiveCfg = MinSizeRel|x64
		{72CC861D-DDB9-32CD-8494-5D261F711170}.MinSizeRel|x64.Build.0 = MinSizeRel|x64
		{72CC861D-DDB9-32CD-8494-5D261F711170}.RelWithDebInfo|x64.ActiveCfg = RelWithDebInfo|x64
		{72CC861D-DDB9-32CD-8494-5D261F711170}.RelWithDebInfo|x64.Build.0 = RelWithDebInfo|x64
		{1E091A7D-4FEB-3041-9177-99623E546A9A}.Debug|x64.ActiveCfg = Debug|x64
		{1E091A7D-4FEB-3041-9177-99623E546A9A}.Debug|x64.Build.0 = Debug|x64
		{1E091A7D-4FEB-3041-9177-99623E546A9A}.Release|x64.ActiveCfg = Release|x64
		{1E091A7D-4FEB-3041-9177-99623E546A9A}.Release|x64.Build.0 = Release|x64
		{1E091A7D-4FEB-3041-9177-99623E546A9A}.MinSizeRel|x64.ActiveCfg = MinSizeRel|x64
		{1E091A7D-4FEB-3041-9177-99623E546A9A}.MinSizeRel|x64.Build.0 = MinSizeRel|x64
		{1E091A7D-4FEB-3041-9177-99623E546A9A}.RelWithDebInfo|x64.ActiveCfg = RelWithDebInfo|x64
		{1E091A7D-4FEB-3041-9177-99623E546A9A}.RelWithDebInfo|x64.Build.0 = RelWithDebInfo|x64
		{37E4B267-466C-324C-A8C1-7B4C73740DA8}.Debug|x64.ActiveCfg = Debug|x64
		{37E4B267-466C-324C-A8C1-7B4C73740DA8}.Debug|x64.Build.0 = Debug|x64
		{37E4B267-466C-324C-A8C1-7B4C73740DA8}.Release|x64.ActiveCfg = Release|x64
		{37E4B267-466C-324C-A8C1-7B4C73740DA8}.Release|x64.Build.0 = Release|x64
		{37E4B267-466C-324C-A8C1-7B4C73740DA8}.MinSizeRel|x64.ActiveCfg = MinSizeRel|x64
		{37E4B267-466C-324C-A8C1-7B4C73740DA8}.MinSizeRel|x64.Build.0 = MinSizeRel|x64
		{37E4B267-466C-324C-A8C1-7B4C73740DA8}.RelWithDebInfo|x64.ActiveCfg = RelWithDebInfo|x64
		{37E4B267-466C-324C-A8C1-7B4C73740DA8}.RelWithDebInfo|x64.Build.0 = RelWithDebInfo|x64
		{0687AD20-94B2-3AED-A3B0-5EA2181F7D09}.Debug|x64.ActiveCfg = Debug|x64
		{0687AD20-94B2-3AED-A3B0-5EA2181F7D09}.Debug|x64.Build.0 = Debug|x64
		{0687AD20-94B2-3AED-A3B0-5EA2181F7D09}.Release|x64.ActiveCfg = Release|x64
		{0687AD20-94B2-3AED-A3B0-5EA2181F7D09}.Release|x64.Build.0 = Release|x64
		{0687AD20-94B2-3AED-A3B0-5EA2181F7D09}.MinSizeRel|x64.ActiveCfg = MinSizeRel|x64
		{0687AD20-94B2-3AED-A3B0-5EA2181F7D09}.MinSizeRel|x64.Build.0 = MinSizeRel|x64
		{0687AD20-94B2-3AED-A3B0-5EA2181F7D09}.RelWithDebInfo|x64.ActiveCfg = RelWithDebInfo|x64
		{0687AD20-94B2-3AED-A3B0-5EA2181F7D09}.RelWithDebInfo|x64.Build.0 = RelWithDebInfo|x64
		{9E142C8C-7567-3425-B84A-6C2B2E3CB5B9}.Debug|x64.ActiveCfg = Debug|x64
		{9E142C8C-7567-3425-B84A-6C2B2E3CB5B9}.Debug|x64.Build.0 = Debug|x64
		{9E142C8C-7567-3425-B84A-6C2B2E3CB5B9}.Release|x64.ActiveCfg = Release|x64
		{9E142C8C-7567-3425-B84A-6C2B2E3CB5B9}.Release|x64.Build.0 = Release|x64
		{9E142C8C-7567-3425-B84A-6C2B2E3CB5B9}.MinSizeRel|x64.ActiveCfg = MinSizeRel|x64
		{9E142C8C-7567-3425-B84A-6C2B2E3CB5B9}.MinSizeRel|x64.Build.0 = MinSizeRel|x64
		{9E142C8C-7567-3425-B84A-6C2B2E3CB5B9}.RelWithDebInfo|x64.ActiveCfg = RelWithDebInfo|x64
		{9E142C8C-7567-3425-B84A-6C2B2E3CB5B9}.RelWithDebInfo|x64.Build.0 = RelWithDebInfo|x64
		{A772C38B-DFFA-3284-A773-048DF5A0B5F8}.Debug|x64.ActiveCfg = Debug|x64
		{A772C38B-DFFA-3284-A773-048DF5A0B5F8}.Debug|x64.Build.0 = Debug|x64
		{A772C38B-DFFA-3284-A773-048DF5A0B5F8}.Release|x64.ActiveCfg = Release|x64
		{A772C38B-DFFA-3284-A773-048DF5A0B5F8}.Release|x64.Build.0 = Release|x64
		{A772C38B-DFFA-3284-A773-048DF5A0B5F8}.MinSizeRel|x64.ActiveCfg = MinSizeRel|x64
		{A772C38B-DFFA-3284-A773-048DF5A0B5F8}.MinSizeRel|x64.Build.0 = MinSizeRel|x64
		{A772C38B-DFFA-3284-A773-048DF5A0B5F8}.RelWithDebInfo|x64.ActiveCfg = RelWithDebInfo|x64
		{A772C38B-DFFA-3284-A773-048DF5A0B5F8}.RelWithDebInfo|x64.Build.0 = RelWithDebInfo|x64
		{D733138D-7E21-3F6E-B926-FB790A7DC8E7}.Debug|x64.ActiveCfg = Debug|x64
		{D733138D-7E21-3F6E-B926-FB790A7DC8E7}.Debug|x64.Build.0 = Debug|x64
		{D733138D-7E21-3F6E-B926-FB790A7DC8E7}.Release|x64.ActiveCfg = Release|x64
		{D733138D-7E21-3F6E-B926-FB790A7DC8E7}.Release|x64.Build.0 = Release|x64
		{D733138D-7E21-3F6E-B926-FB790A7DC8E7}.MinSizeRel|x64.ActiveCfg = MinSizeRel|x64
		{D733138D-7E21-3F6E-B926-FB790A7DC8E7}.MinSizeRel|x64.Build.0 = MinSizeRel|x64
		{D733138D-7E21-3F6E-B926-FB790A7DC8E7}.RelWithDebInfo|x64.ActiveCfg = RelWithDebInfo|x64
		{D733138D-7E21-3F6E-B926-FB790A7DC8E7}.RelWithDebInfo|x64.Build.0 = RelWithDebInfo|x64
		{ACB1C257-D694-375A-9082-FCE691426FA0}.Debug|x64.ActiveCfg = Debug|x64
		{ACB1C257-D694-375A-9082-FCE691426FA0}.Debug|x64.Build.0 = Debug|x64
		{ACB1C257-D694-375A-9082-FCE691426FA0}.Release|x64.ActiveCfg = Release|x64
		{ACB1C257-D694-375A-9082-FCE691426FA0}.Release|x64.Build.0 = Release|x64
		{ACB1C257-D694-375A-9082-FCE691426FA0}.MinSizeRel|x64.ActiveCfg = MinSizeRel|x64
		{ACB1C257-D694-375A-9082-FCE691426FA0}.MinSizeRel|x64.Build.0 = MinSizeRel|x64
		{ACB1C257-D694-375A-9082-FCE691426FA0}.RelWithDebInfo|x64.ActiveCfg = RelWithDebInfo|x64
		{ACB1C257-D694-375A-9082-FCE691426FA0}.RelWithDebInfo|x64.Build.0 = RelWithDebInfo|x64
		{D52AFE3E-5B95-3489-94AD-18A94BB4B995}.Debug|x64.ActiveCfg = Debug|x64
		{D52AFE3E-5B95-3489-94AD-18A94BB4B995}.Debug|x64.Build.0 = Debug|x64
		{D52AFE3E-5B95-3489-94AD-18A94BB4B995}.Release|x64.ActiveCfg = Release|x64
		{D52AFE3E-5B95-3489-94AD-18A94BB4B995}.Release|x64.Build.0 = Release|x64
		{D52AFE3E-5B95-3489-94AD-18A94BB4B995}.MinSizeRel|x64.ActiveCfg = MinSizeRel|x64
		{D52AFE3E-5B95-3489-94AD-18A94BB4B995}.MinSizeRel|x64.Build.0 = MinSizeRel|x64
		{D52AFE3E-5B95-3489-94AD-18A94BB4B995}.RelWithDebInfo|x64.ActiveCfg = RelWithDebInfo|x64
		{D52AFE3E-5B95-3489-94AD-18A94BB4B995}.RelWithDebInfo|x64.Build.0 = RelWithDebInfo|x64
		{1C4DA2CE-B9FE-3DB6-8E24-FC59FC824D89}.Debug|x64.ActiveCfg = Debug|x64
		{1C4DA2CE-B9FE-3DB6-8E24-FC59FC824D89}.Debug|x64.Build.0 = Debug|x64
		{1C4DA2CE-B9FE-3DB6-8E24-FC59FC824D89}.Release|x64.ActiveCfg = Release|x64
		{1C4DA2CE-B9FE-3DB6-8E24-FC59FC824D89}.Release|x64.Build.0 = Release|x64
		{1C4DA2CE-B9FE-3DB6-8E24-FC59FC824D89}.MinSizeRel|x64.ActiveCfg = MinSizeRel|x64
		{1C4DA2CE-B9FE-3DB6-8E24-FC59FC824D89}.MinSizeRel|x64.Build.0 = MinSizeRel|x64
		{1C4DA2CE-B9FE-3DB6-8E24-FC59FC824D89}.RelWithDebInfo|x64.ActiveCfg = RelWithDebInfo|x64
		{1C4DA2CE-B9FE-3DB6-8E24-FC59FC824D89}.RelWithDebInfo|x64.Build.0 = RelWithDebInfo|x64
		{2A45BCBD-EDB0-38D3-B679-1576E4F70D4C}.Debug|x64.ActiveCfg = Debug|x64
		{2A45BCBD-EDB0-38D3-B679-1576E4F70D4C}.Debug|x64.Build.0 = Debug|x64
		{2A45BCBD-EDB0-38D3-B679-1576E4F70D4C}.Release|x64.ActiveCfg = Release|x64
		{2A45BCBD-EDB0-38D3-B679-1576E4F70D4C}.Release|x64.Build.0 = Release|x64
		{2A45BCBD-EDB0-38D3-B679-1576E4F70D4C}.MinSizeRel|x64.ActiveCfg = MinSizeRel|x64
		{2A45BCBD-EDB0-38D3-B679-1576E4F70D4C}.MinSizeRel|x64.Build.0 = MinSizeRel|x64
		{2A45BCBD-EDB0-38D3-B679-1576E4F70D4C}.RelWithDebInfo|x64.ActiveCfg = RelWithDebInfo|x64
		{2A45BCBD-EDB0-38D3-B679-1576E4F70D4C}.RelWithDebInfo|x64.Build.0 = RelWithDebInfo|x64
		{50C0E8E5-55CE-32C1-8303-AD68483DAA4C}.Debug|x64.ActiveCfg = Debug|x64
		{50C0E8E5-55CE-32C1-8303-AD68483DAA4C}.Debug|x64.Build.0 = Debug|x64
		{50C0E8E5-55CE-32C1-8303-AD68483DAA4C}.Release|x64.ActiveCfg = Release|x64
		{50C0E8E5-55CE-32C1-8303-AD68483DAA4C}.Release|x64.Build.0 = Release|x64
		{50C0E8E5-55CE-32C1-8303-AD68483DAA4C}.MinSizeRel|x64.ActiveCfg = MinSizeRel|x64
		{50C0E8E5-55CE-32C1-8303-AD68483DAA4C}.MinSizeRel|x64.Build.0 = MinSizeRel|x64
		{50C0E8E5-55CE-32C1-8303-AD68483DAA4C}.RelWithDebInfo|x64.ActiveCfg = RelWithDebInfo|x64
		{50C0E8E5-55CE-32C1-8303-AD68483DAA4C}.RelWithDebInfo|x64.Build.0 = RelWithDebInfo|x64
		{08EABC63-6634-38FB-864E-8CBFFA91FD9D}.Debug|x64.ActiveCfg = Debug|x64
		{08EABC63-6634-38FB-864E-8CBFFA91FD9D}.Debug|x64.Build.0 = Debug|x64
		{08EABC63-6634-38FB-864E-8CBFFA91FD9D}.Release|x64.ActiveCfg = Release|x64
		{08EABC63-6634-38FB-864E-8CBFFA91FD9D}.Release|x64.Build.0 = Release|x64
		{08EABC63-6634-38FB-864E-8CBFFA91FD9D}.MinSizeRel|x64.ActiveCfg = MinSizeRel|x64
		{08EABC63-6634-38FB-864E-8CBFFA91FD9D}.MinSizeRel|x64.Build.0 = MinSizeRel|x64
		{08EABC63-6634-38FB-864E-8CBFFA91FD9D}.RelWithDebInfo|x64.ActiveCfg = RelWithDebInfo|x64
		{08EABC63-6634-38FB-864E-8CBFFA91FD9D}.RelWithDebInfo|x64.Build.0 = RelWithDebInfo|x64
		{10F47B80-1358-3C18-8AE9-1233577E75D6}.Debug|x64.ActiveCfg = Debug|x64
		{10F47B80-1358-3C18-8AE9-1233577E75D6}.Debug|x64.Build.0 = Debug|x64
		{10F47B80-1358-3C18-8AE9-1233577E75D6}.Release|x64.ActiveCfg = Release|x64
		{10F47B80-1358-3C18-8AE9-1233577E75D6}.Release|x64.Build.0 = Release|x64
		{10F47B80-1358-3C18-8AE9-1233577E75D6}.MinSizeRel|x64.ActiveCfg = MinSizeRel|x64
		{10F47B80-1358-3C18-8AE9-1233577E75D6}.MinSizeRel|x64.Build.0 = MinSizeRel|x64
		{10F47B80-1358-3C18-8AE9-1233577E75D6}.RelWithDebInfo|x64.ActiveCfg = RelWithDebInfo|x64
		{10F47B80-1358-3C18-8AE9-1233577E75D6}.RelWithDebInfo|x64.Build.0 = RelWithDebInfo|x64
		{8BD73C39-5665-396D-B449-918775EC1737}.Debug|x64.ActiveCfg = Debug|x64
		{8BD73C39-5665-396D-B449-918775EC1737}.Debug|x64.Build.0 = Debug|x64
		{8BD73C39-5665-396D-B449-918775EC1737}.Release|x64.ActiveCfg = Release|x64
		{8BD73C39-5665-396D-B449-918775EC1737}.Release|x64.Build.0 = Release|x64
		{8BD73C39-5665-396D-B449-918775EC1737}.MinSizeRel|x64.ActiveCfg = MinSizeRel|x64
		{8BD73C39-5665-396D-B449-918775EC1737}.MinSizeRel|x64.Build.0 = MinSizeRel|x64
		{8BD73C39-5665-396D-B449-918775EC1737}.RelWithDebInfo|x64.ActiveCfg = RelWithDebInfo|x64
		{8BD73C39-5665-396D-B449-918775EC1737}.RelWithDebInfo|x64.Build.0 = RelWithDebInfo|x64
		{1960A6FB-7BFF-3518-998F-BEBF90362121}.Debug|x64.ActiveCfg = Debug|x64
		{1960A6FB-7BFF-3518-998F-BEBF90362121}.Debug|x64.Build.0 = Debug|x64
		{1960A6FB-7BFF-3518-998F-BEBF90362121}.Release|x64.ActiveCfg = Release|x64
		{1960A6FB-7BFF-3518-998F-BEBF90362121}.Release|x64.Build.0 = Release|x64
		{1960A6FB-7BFF-3518-998F-BEBF90362121}.MinSizeRel|x64.ActiveCfg = MinSizeRel|x64
		{1960A6FB-7BFF-3518-998F-BEBF90362121}.MinSizeRel|x64.Build.0 = MinSizeRel|x64
		{1960A6FB-7BFF-3518-998F-BEBF90362121}.RelWithDebInfo|x64.ActiveCfg = RelWithDebInfo|x64
		{1960A6FB-7BFF-3518-998F-BEBF90362121}.RelWithDebInfo|x64.Build.0 = RelWithDebInfo|x64
		{C56B92A6-4889-3CF4-87BF-A3C75DFBD7FC}.Debug|x64.ActiveCfg = Debug|x64
		{C56B92A6-4889-3CF4-87BF-A3C75DFBD7FC}.Debug|x64.Build.0 = Debug|x64
		{C56B92A6-4889-3CF4-87BF-A3C75DFBD7FC}.Release|x64.ActiveCfg = Release|x64
		{C56B92A6-4889-3CF4-87BF-A3C75DFBD7FC}.Release|x64.Build.0 = Release|x64
		{C56B92A6-4889-3CF4-87BF-A3C75DFBD7FC}.MinSizeRel|x64.ActiveCfg = MinSizeRel|x64
		{C56B92A6-4889-3CF4-87BF-A3C75DFBD7FC}.MinSizeRel|x64.Build.0 = MinSizeRel|x64
		{C56B92A6-4889-3CF4-87BF-A3C75DFBD7FC}.RelWithDebInfo|x64.ActiveCfg = RelWithDebInfo|x64
		{C56B92A6-4889-3CF4-87BF-A3C75DFBD7FC}.RelWithDebInfo|x64.Build.0 = RelWithDebInfo|x64
		{1EC6E490-90E9-3B36-92EC-F5BA20DEE06D}.Debug|x64.ActiveCfg = Debug|x64
		{1EC6E490-90E9-3B36-92EC-F5BA20DEE06D}.Debug|x64.Build.0 = Debug|x64
		{1EC6E490-90E9-3B36-92EC-F5BA20DEE06D}.Release|x64.ActiveCfg = Release|x64
		{1EC6E490-90E9-3B36-92EC-F5BA20DEE06D}.Release|x64.Build.0 = Release|x64
		{1EC6E490-90E9-3B36-92EC-F5BA20DEE06D}.MinSizeRel|x64.ActiveCfg = MinSizeRel|x64
		{1EC6E490-90E9-3B36-92EC-F5BA20DEE06D}.MinSizeRel|x64.Build.0 = MinSizeRel|x64
		{1EC6E490-90E9-3B36-92EC-F5BA20DEE06D}.RelWithDebInfo|x64.ActiveCfg = RelWithDebInfo|x64
		{1EC6E490-90E9-3B36-92EC-F5BA20DEE06D}.RelWithDebInfo|x64.Build.0 = RelWithDebInfo|x64
		{21446582-C89C-3527-9407-33DCB33922FF}.Debug|x64.ActiveCfg = Debug|x64
		{21446582-C89C-3527-9407-33DCB33922FF}.Debug|x64.Build.0 = Debug|x64
		{21446582-C89C-3527-9407-33DCB33922FF}.Release|x64.ActiveCfg = Release|x64
		{21446582-C89C-3527-9407-33DCB33922FF}.Release|x64.Build.0 = Release|x64
		{21446582-C89C-3527-9407-33DCB33922FF}.MinSizeRel|x64.ActiveCfg = MinSizeRel|x64
		{21446582-C89C-3527-9407-33DCB33922FF}.MinSizeRel|x64.Build.0 = MinSizeRel|x64
		{21446582-C89C-3527-9407-33DCB33922FF}.RelWithDebInfo|x64.ActiveCfg = RelWithDebInfo|x64
		{21446582-C89C-3527-9407-33DCB33922FF}.RelWithDebInfo|x64.Build.0 = RelWithDebInfo|x64
		{85F45CE7-B554-3C7F-B5D2-122B42BC1F55}.Debug|x64.ActiveCfg = Debug|x64
		{85F45CE7-B554-3C7F-B5D2-122B42BC1F55}.Release|x64.ActiveCfg = Release|x64
		{85F45CE7-B554-3C7F-B5D2-122B42BC1F55}.MinSizeRel|x64.ActiveCfg = MinSizeRel|x64
		{85F45CE7-B554-3C7F-B5D2-122B42BC1F55}.RelWithDebInfo|x64.ActiveCfg = RelWithDebInfo|x64
		{2E43F479-4728-3732-B531-A961307DABF8}.Debug|x64.ActiveCfg = Debug|x64
		{2E43F479-4728-3732-B531-A961307DABF8}.Debug|x64.Build.0 = Debug|x64
		{2E43F479-4728-3732-B531-A961307DABF8}.Release|x64.ActiveCfg = Release|x64
		{2E43F479-4728-3732-B531-A961307DABF8}.Release|x64.Build.0 = Release|x64
		{2E43F479-4728-3732-B531-A961307DABF8}.MinSizeRel|x64.ActiveCfg = MinSizeRel|x64
		{2E43F479-4728-3732-B531-A961307DABF8}.MinSizeRel|x64.Build.0 = MinSizeRel|x64
		{2E43F479-4728-3732-B531-A961307DABF8}.RelWithDebInfo|x64.ActiveCfg = RelWithDebInfo|x64
		{2E43F479-4728-3732-B531-A961307DABF8}.RelWithDebInfo|x64.Build.0 = RelWithDebInfo|x64
		{919D16CE-0A3D-33A2-B140-D8BDCE41E0E3}.Debug|x64.ActiveCfg = Debug|x64
		{919D16CE-0A3D-33A2-B140-D8BDCE41E0E3}.Debug|x64.Build.0 = Debug|x64
		{919D16CE-0A3D-33A2-B140-D8BDCE41E0E3}.Release|x64.ActiveCfg = Release|x64
		{919D16CE-0A3D-33A2-B140-D8BDCE41E0E3}.Release|x64.Build.0 = Release|x64
		{919D16CE-0A3D-33A2-B140-D8BDCE41E0E3}.MinSizeRel|x64.ActiveCfg = MinSizeRel|x64
		{919D16CE-0A3D-33A2-B140-D8BDCE41E0E3}.MinSizeRel|x64.Build.0 = MinSizeRel|x64
		{919D16CE-0A3D-33A2-B140-D8BDCE41E0E3}.RelWithDebInfo|x64.ActiveCfg = RelWithDebInfo|x64
		{919D16CE-0A3D-33A2-B140-D8BDCE41E0E3}.RelWithDebInfo|x64.Build.0 = RelWithDebInfo|x64
	EndGlobalSection
	GlobalSection(NestedProjects) = preSolution
		{CB3F274F-CF34-38FC-97FD-BC47686F9116} = {27C438C4-583B-35B9-835F-DC29D9D725D3}
		{3DDB6889-8B18-3CAD-8E42-D23EA937C613} = {27C438C4-583B-35B9-835F-DC29D9D725D3}
		{117E6B26-7A75-3B25-842C-547BDEA53326} = {27C438C4-583B-35B9-835F-DC29D9D725D3}
		{DF74481C-9974-36D1-850E-9B49B7070003} = {EBAF2621-500B-3341-B66F-64F384653F3B}
		{A6F19F52-075D-3765-AE19-1CE3E214E2C5} = {EBAF2621-500B-3341-B66F-64F384653F3B}
		{56F13AEC-C44E-315A-9EC0-9DAC7C931BF8} = {EBAF2621-500B-3341-B66F-64F384653F3B}
		{85F45CE7-B554-3C7F-B5D2-122B42BC1F55} = {EBAF2621-500B-3341-B66F-64F384653F3B}
		{582801C3-0290-3A53-AD5C-7EE638F69CFE} = {DF74481C-9974-36D1-850E-9B49B7070003}
		{FCBA77B9-A796-39A6-8F30-E6EAA26E1956} = {DF74481C-9974-36D1-850E-9B49B7070003}
		{72CC861D-DDB9-32CD-8494-5D261F711170} = {DF74481C-9974-36D1-850E-9B49B7070003}
		{ACB1C257-D694-375A-9082-FCE691426FA0} = {DF74481C-9974-36D1-850E-9B49B7070003}
		{1C4DA2CE-B9FE-3DB6-8E24-FC59FC824D89} = {DF74481C-9974-36D1-850E-9B49B7070003}
		{50C0E8E5-55CE-32C1-8303-AD68483DAA4C} = {DF74481C-9974-36D1-850E-9B49B7070003}
		{08EABC63-6634-38FB-864E-8CBFFA91FD9D} = {DF74481C-9974-36D1-850E-9B49B7070003}
		{10F47B80-1358-3C18-8AE9-1233577E75D6} = {DF74481C-9974-36D1-850E-9B49B7070003}
		{2E43F479-4728-3732-B531-A961307DABF8} = {DF74481C-9974-36D1-850E-9B49B7070003}
		{36A16923-5AC0-3CD8-9441-96280EBA730D} = {A6F19F52-075D-3765-AE19-1CE3E214E2C5}
		{82BEF8D6-BF50-3233-A989-1333A9EC61CD} = {A6F19F52-075D-3765-AE19-1CE3E214E2C5}
		{9BBC61AE-9260-3D2F-B686-6214D0422707} = {A6F19F52-075D-3765-AE19-1CE3E214E2C5}
		{3152CA66-8043-31E2-8302-7D6A19DDE0FB} = {A6F19F52-075D-3765-AE19-1CE3E214E2C5}
		{1DA86A5A-A670-38E4-A94D-7C8FA576EAA6} = {A6F19F52-075D-3765-AE19-1CE3E214E2C5}
		{0CB66CCA-30B4-35CB-A7FA-8802932CF92E} = {A6F19F52-075D-3765-AE19-1CE3E214E2C5}
		{1E091A7D-4FEB-3041-9177-99623E546A9A} = {A6F19F52-075D-3765-AE19-1CE3E214E2C5}
		{37E4B267-466C-324C-A8C1-7B4C73740DA8} = {A6F19F52-075D-3765-AE19-1CE3E214E2C5}
		{0687AD20-94B2-3AED-A3B0-5EA2181F7D09} = {A6F19F52-075D-3765-AE19-1CE3E214E2C5}
		{9E142C8C-7567-3425-B84A-6C2B2E3CB5B9} = {A6F19F52-075D-3765-AE19-1CE3E214E2C5}
		{A772C38B-DFFA-3284-A773-048DF5A0B5F8} = {A6F19F52-075D-3765-AE19-1CE3E214E2C5}
		{D733138D-7E21-3F6E-B926-FB790A7DC8E7} = {A6F19F52-075D-3765-AE19-1CE3E214E2C5}
		{D52AFE3E-5B95-3489-94AD-18A94BB4B995} = {A6F19F52-075D-3765-AE19-1CE3E214E2C5}
		{2A45BCBD-EDB0-38D3-B679-1576E4F70D4C} = {A6F19F52-075D-3765-AE19-1CE3E214E2C5}
		{8BD73C39-5665-396D-B449-918775EC1737} = {A6F19F52-075D-3765-AE19-1CE3E214E2C5}
		{1960A6FB-7BFF-3518-998F-BEBF90362121} = {A6F19F52-075D-3765-AE19-1CE3E214E2C5}
		{C56B92A6-4889-3CF4-87BF-A3C75DFBD7FC} = {A6F19F52-075D-3765-AE19-1CE3E214E2C5}
		{1EC6E490-90E9-3B36-92EC-F5BA20DEE06D} = {A6F19F52-075D-3765-AE19-1CE3E214E2C5}
		{21446582-C89C-3527-9407-33DCB33922FF} = {A6F19F52-075D-3765-AE19-1CE3E214E2C5}
		{919D16CE-0A3D-33A2-B140-D8BDCE41E0E3} = {A6F19F52-075D-3765-AE19-1CE3E214E2C5}
	EndGlobalSection
	GlobalSection(ExtensibilityGlobals) = postSolution
		SolutionGuid = {E83F6CB1-8051-3442-8628-9E8486E3BF44}
	EndGlobalSection
	GlobalSection(ExtensibilityAddIns) = postSolution
	EndGlobalSection
EndGlobal
