<?xml version="1.0" encoding="utf-8"?>
<Project ToolsVersion="16.0" xmlns="http://schemas.microsoft.com/developer/msbuild/2003">
  <ItemGroup>
    <CustomBuild Include="C:\Users\Kagami\Desktop\Libraries\glfw-3.3.2\CMakeFiles\ecb6ccf7b97903d44a4b9f95733f4216\INSTALL_force.rule">
      <Filter>CMake Rules</Filter>
    </CustomBuild>
  </ItemGroup>
  <ItemGroup>
    <Filter Include="CMake Rules">
      <UniqueIdentifier>{0AED2D9B-6650-3FE6-8650-BA26C4C07F2F}</UniqueIdentifier>
    </Filter>
  </ItemGroup>
</Project>
